
Microsoft Visual Studio Solution File, Format Version 12.00
# Visual Studio Version 16
VisualStudioVersion = 16.0.31205.134
MinimumVisualStudioVersion = 10.0.40219.1
Project("{FAE04EC0-301F-11D3-BF4B-00C04F79EFBC}") = "YeelightGenius", "YeelightGenius\YeelightGenius.csproj", "{B718B5A8-398F-47D1-8A32-B4D31B8FD738}"
EndProject
Global
	GlobalSection(SolutionConfigurationPlatforms) = preSolution
		Debug|Any CPU = Debug|Any CPU
		Release|Any CPU = Release|Any CPU
	EndGlobalSection
	GlobalSection(ProjectConfigurationPlatforms) = postSolution
		{B718B5A8-398F-47D1-8A32-B4D31B8FD738}.Debug|Any CPU.ActiveCfg = Debug|Any CPU
		{B718B5A8-398F-47D1-8A32-B4D31B8FD738}.Debug|Any CPU.Build.0 = Debug|Any CPU
		{B718B5A8-398F-47D1-8A32-B4D31B8FD738}.Release|Any CPU.ActiveCfg = Release|Any CPU
		{B718B5A8-398F-47D1-8A32-B4D31B8FD738}.Release|Any CPU.Build.0 = Release|Any CPU
	EndGlobalSection
	GlobalSection(SolutionProperties) = preSolution
		HideSolutionNode = FALSE
	EndGlobalSection
	GlobalSection(ExtensibilityGlobals) = postSolution
		SolutionGuid = {6BF96DBD-B5B0-42ED-B26A-79F4CF511579}
	EndGlobalSection
EndGlobal
